
Microsoft Visual Studio Solution File, Format Version 12.00
# Visual Studio Version 16
VisualStudioVersion = 16.0.29905.134
MinimumVisualStudioVersion = 10.0.40219.1
Project("{FAE04EC0-301F-11D3-BF4B-00C04F79EFBC}") = "kayıt defteri2", "kayıt defteri2\kayıt defteri2.csproj", "{C0E983E3-D3B5-4C77-84FF-4354EA1179F9}"
EndProject
Global
	GlobalSection(SolutionConfigurationPlatforms) = preSolution
		Debug|Any CPU = Debug|Any CPU
		Release|Any CPU = Release|Any CPU
	EndGlobalSection
	GlobalSection(ProjectConfigurationPlatforms) = postSolution
		{C0E983E3-D3B5-4C77-84FF-4354EA1179F9}.Debug|Any CPU.ActiveCfg = Debug|Any CPU
		{C0E983E3-D3B5-4C77-84FF-4354EA1179F9}.Debug|Any CPU.Build.0 = Debug|Any CPU
		{C0E983E3-D3B5-4C77-84FF-4354EA1179F9}.Release|Any CPU.ActiveCfg = Release|Any CPU
		{C0E983E3-D3B5-4C77-84FF-4354EA1179F9}.Release|Any CPU.Build.0 = Release|Any CPU
	EndGlobalSection
	GlobalSection(SolutionProperties) = preSolution
		HideSolutionNode = FALSE
	EndGlobalSection
	GlobalSection(ExtensibilityGlobals) = postSolution
		SolutionGuid = {023A5368-C6E1-4B47-AFDB-2058BED4A463}
	EndGlobalSection
EndGlobal
